<?xml version="1.0" encoding="utf-8"?>
<Project ToolsVersion="4.0" xmlns="http://schemas.microsoft.com/developer/msbuild/2003">
  <ItemGroup>
    <Filter Include="源文件">
      <UniqueIdentifier>{4FC737F1-C7A5-4376-A066-2A32D752A2FF}</UniqueIdentifier>
      <Extensions>cpp;c;cc;cxx;c++;cppm;ixx;def;odl;idl;hpj;bat;asm;asmx</Extensions>
    </Filter>
    <Filter Include="头文件">
      <UniqueIdentifier>{93995380-89BD-4b04-88EB-625FBE52EBFB}</UniqueIdentifier>
      <Extensions>h;hh;hpp;hxx;h++;hm;inl;inc;ipp;xsd</Extensions>
    </Filter>
    <Filter Include="资源文件">
      <UniqueIdentifier>{67DA6AB6-F800-4c08-8B7A-83BB121AAD01}</UniqueIdentifier>
      <Extensions>rc;ico;cur;bmp;dlg;rc2;rct;bin;rgs;gif;jpg;jpeg;jpe;resx;tiff;tif;png;wav;mfcribbon-ms</Extensions>
    </Filter>
  </ItemGroup>
  <ItemGroup>
    <ClInclude Include="src\framework.h">
      <Filter>头文件</Filter>
    </ClInclude>
    <ClInclude Include="src\pch.h">
      <Filter>头文件</Filter>
    </ClInclude>
    <ClInclude Include="src\main.hpp">
      <Filter>头文件</Filter>
    </ClInclude>
    <ClInclude Include="libraries\json\json.hpp">
      <Filter>头文件</Filter>
    </ClInclude>
    <ClInclude Include="libraries\imgui\imgui.h">
      <Filter>头文件</Filter>
    </ClInclude>
    <ClInclude Include="libraries\imgui\imconfig.h">
      <Filter>头文件</Filter>
    </ClInclude>
    <ClInclude Include="libraries\imgui\imgui_internal.h">
      <Filter>头文件</Filter>
    </ClInclude>
    <ClInclude Include="libraries\imgui\imstb_rectpack.h">
      <Filter>头文件</Filter>
    </ClInclude>
    <ClInclude Include="libraries\imgui\imstb_textedit.h">
      <Filter>头文件</Filter>
    </ClInclude>
    <ClInclude Include="libraries\imgui\imstb_truetype.h">
      <Filter>头文件</Filter>
    </ClInclude>
    <ClInclude Include="libraries\imgui\misc\cpp\imgui_stdlib.h">
      <Filter>头文件</Filter>
    </ClInclude>
    <ClInclude Include="libraries\imgui\misc\single_file\imgui_single_file.h">
      <Filter>头文件</Filter>
    </ClInclude>
    <ClInclude Include="libraries\imgui\backends\imgui_impl_win32.h">
      <Filter>头文件</Filter>
    </ClInclude>
    <ClInclude Include="libraries\imgui\backends\imgui_impl_opengl3.h">
      <Filter>头文件</Filter>
    </ClInclude>
    <ClInclude Include="libraries\imgui\backends\imgui_impl_opengl3_loader.h">
      <Filter>头文件</Filter>
    </ClInclude>
    <ClInclude Include="src\renderer\backend\DirectX.h">
      <Filter>头文件</Filter>
    </ClInclude>
    <ClInclude Include="src\renderer\backend\OpenGL.h">
      <Filter>头文件</Filter>
    </ClInclude>
    <ClInclude Include="src\renderer\renderer.h">
      <Filter>头文件</Filter>
    </ClInclude>
    <ClInclude Include="src\Logger.h">
      <Filter>头文件</Filter>
    </ClInclude>
    <ClInclude Include="src\HookManager.hpp">
      <Filter>头文件</Filter>
    </ClInclude>
    <ClInclude Include="libraries\detours\detours.h">
      <Filter>头文件</Filter>
    </ClInclude>
    <ClInclude Include="libraries\detours\detver.h">
      <Filter>头文件</Filter>
    </ClInclude>
    <ClInclude Include="src\ui\MainUi.h">
      <Filter>头文件</Filter>
    </ClInclude>
    <ClInclude Include="libraries\imgui\backends\imgui_impl_dx11.h">
      <Filter>头文件</Filter>
    </ClInclude>
    <ClInclude Include="src\ui\Feature.h">
      <Filter>头文件</Filter>
    </ClInclude>
    <ClInclude Include="src\config\Field.h">
      <Filter>头文件</Filter>
    </ClInclude>
    <ClInclude Include="resource.h">
      <Filter>头文件</Filter>
    </ClInclude>
    <ClInclude Include="src\config\I18nManager.h">
      <Filter>头文件</Filter>
    </ClInclude>
    <ClInclude Include="src\misc\ResourcesLoader.hpp">
      <Filter>头文件</Filter>
    </ClInclude>
    <ClInclude Include="src\utils\Utils.h">
      <Filter>头文件</Filter>
    </ClInclude>
    <ClInclude Include="src\utils\gui_utils.h">
      <Filter>头文件</Filter>
    </ClInclude>
    <ClInclude Include="src\features\HandleLinkHook.h">
      <Filter>头文件</Filter>
    </ClInclude>
    <ClInclude Include="src\osu\BeatmapManager.h">
      <Filter>头文件</Filter>
    </ClInclude>
    <ClInclude Include="src\ui\About.h">
      <Filter>头文件</Filter>
    </ClInclude>
    <ClInclude Include="src\ui\Settings.h">
      <Filter>头文件</Filter>
    </ClInclude>
    <ClInclude Include="libraries\utility\Event.hpp">
      <Filter>头文件</Filter>
    </ClInclude>
    <ClInclude Include="libraries\utility\Random.hpp">
      <Filter>头文件</Filter>
    </ClInclude>
    <ClInclude Include="libraries\utility\Sequence.hpp">
      <Filter>头文件</Filter>
    </ClInclude>
    <ClInclude Include="libraries\utility\BlockingContainer.hpp">
      <Filter>头文件</Filter>
    </ClInclude>
    <ClInclude Include="src\api\Sayobot.h">
      <Filter>头文件</Filter>
    </ClInclude>
    <ClInclude Include="src\features\Downloader.h">
      <Filter>头文件</Filter>
    </ClInclude>
    <ClInclude Include="src\misc\Color.h">
      <Filter>头文件</Filter>
    </ClInclude>
    <ClInclude Include="src\misc\ISerializable.h">
      <Filter>头文件</Filter>
    </ClInclude>
    <ClInclude Include="src\osu\Account.h">
      <Filter>头文件</Filter>
    </ClInclude>
    <ClInclude Include="src\osu\Beatmap.h">
      <Filter>头文件</Filter>
    </ClInclude>
    <ClInclude Include="src\ui\BlockingInput.hpp">
      <Filter>头文件</Filter>
    </ClInclude>
    <ClInclude Include="src\ui\SearchResultUi.h">
      <Filter>头文件</Filter>
    </ClInclude>
    <ClInclude Include="libraries\cpp-httplib\httplib.h">
      <Filter>头文件</Filter>
    </ClInclude>
    <ClInclude Include="libraries\curl\curl.h">
      <Filter>头文件</Filter>
    </ClInclude>
    <ClInclude Include="libraries\curl\curlver.h">
      <Filter>头文件</Filter>
    </ClInclude>
    <ClInclude Include="libraries\curl\easy.h">
      <Filter>头文件</Filter>
    </ClInclude>
    <ClInclude Include="libraries\curl\header.h">
      <Filter>头文件</Filter>
    </ClInclude>
    <ClInclude Include="libraries\curl\mprintf.h">
      <Filter>头文件</Filter>
    </ClInclude>
    <ClInclude Include="libraries\curl\multi.h">
      <Filter>头文件</Filter>
    </ClInclude>
    <ClInclude Include="libraries\curl\options.h">
      <Filter>头文件</Filter>
    </ClInclude>
    <ClInclude Include="libraries\curl\stdcheaders.h">
      <Filter>头文件</Filter>
    </ClInclude>
    <ClInclude Include="libraries\curl\system.h">
      <Filter>头文件</Filter>
    </ClInclude>
    <ClInclude Include="libraries\curl\typecheck-gcc.h">
      <Filter>头文件</Filter>
    </ClInclude>
    <ClInclude Include="libraries\curl\urlapi.h">
      <Filter>头文件</Filter>
    </ClInclude>
    <ClInclude Include="libraries\curl\websockets.h">
      <Filter>头文件</Filter>
    </ClInclude>
    <ClInclude Include="libraries\curl\httplib.h">
      <Filter>头文件</Filter>
    </ClInclude>
    <ClInclude Include="src\network\HttpRequest.h">
      <Filter>头文件</Filter>
    </ClInclude>
    <ClInclude Include="src\features\DownloadQueue.h">
      <Filter>头文件</Filter>
    </ClInclude>
    <ClInclude Include="src\api\Bancho.h">
      <Filter>头文件</Filter>
    </ClInclude>
    <ClInclude Include="src\misc\Hotkey.hpp">
      <Filter>头文件</Filter>
    </ClInclude>
    <ClInclude Include="src\osu\OsuConfigManager.h">
      <Filter>头文件</Filter>
    </ClInclude>
    <ClInclude Include="src\ui\BeatmapIdSearchUi.h">
      <Filter>头文件</Filter>
    </ClInclude>
    <ClInclude Include="src\utils\MD5.hpp">
      <Filter>头文件</Filter>
    </ClInclude>
  </ItemGroup>
  <ItemGroup>
    <ClCompile Include="src\dllmain.cpp">
      <Filter>源文件</Filter>
    </ClCompile>
    <ClCompile Include="src\pch.cpp">
      <Filter>源文件</Filter>
    </ClCompile>
    <ClCompile Include="libraries\imgui\imgui.cpp">
      <Filter>源文件</Filter>
    </ClCompile>
    <ClCompile Include="libraries\imgui\imgui_draw.cpp">
      <Filter>源文件</Filter>
    </ClCompile>
    <ClCompile Include="libraries\imgui\imgui_tables.cpp">
      <Filter>源文件</Filter>
    </ClCompile>
    <ClCompile Include="libraries\imgui\imgui_widgets.cpp">
      <Filter>源文件</Filter>
    </ClCompile>
    <ClCompile Include="libraries\imgui\misc\cpp\imgui_stdlib.cpp">
      <Filter>源文件</Filter>
    </ClCompile>
    <ClCompile Include="libraries\imgui\backends\imgui_impl_win32.cpp">
      <Filter>源文件</Filter>
    </ClCompile>
    <ClCompile Include="libraries\imgui\backends\imgui_impl_opengl3.cpp">
      <Filter>源文件</Filter>
    </ClCompile>
    <ClCompile Include="src\renderer\backend\DirectX.cpp">
      <Filter>源文件</Filter>
    </ClCompile>
    <ClCompile Include="src\renderer\backend\OpenGL.cpp">
      <Filter>源文件</Filter>
    </ClCompile>
    <ClCompile Include="src\renderer\renderer.cpp">
      <Filter>源文件</Filter>
    </ClCompile>
    <ClCompile Include="src\ui\MainUi.cpp">
      <Filter>源文件</Filter>
    </ClCompile>
    <ClCompile Include="libraries\imgui\backends\imgui_impl_dx11.cpp">
      <Filter>源文件</Filter>
    </ClCompile>
    <ClCompile Include="src\utils\Utils.cpp">
      <Filter>源文件</Filter>
    </ClCompile>
    <ClCompile Include="src\config\Field.cpp">
      <Filter>源文件</Filter>
    </ClCompile>
    <ClCompile Include="src\utils\gui_utils.cpp">
      <Filter>源文件</Filter>
    </ClCompile>
    <ClCompile Include="src\features\HandleLinkHook.cpp">
      <Filter>源文件</Filter>
    </ClCompile>
    <ClCompile Include="src\osu\BeatmapManager.cpp">
      <Filter>源文件</Filter>
    </ClCompile>
    <ClCompile Include="src\ui\About.cpp">
      <Filter>源文件</Filter>
    </ClCompile>
    <ClCompile Include="src\ui\Settings.cpp">
      <Filter>源文件</Filter>
    </ClCompile>
    <ClCompile Include="src\api\Sayobot.cpp">
      <Filter>源文件</Filter>
    </ClCompile>
    <ClCompile Include="src\features\Downloader.cpp">
      <Filter>源文件</Filter>
    </ClCompile>
    <ClCompile Include="src\osu\Account.cpp">
      <Filter>源文件</Filter>
    </ClCompile>
    <ClCompile Include="src\osu\Beatmap.cpp">
      <Filter>源文件</Filter>
    </ClCompile>
    <ClCompile Include="src\ui\SearchResultUi.cpp">
      <Filter>源文件</Filter>
    </ClCompile>
    <ClCompile Include="src\network\HttpRequest.cpp">
      <Filter>源文件</Filter>
    </ClCompile>
    <ClCompile Include="src\features\DownloadQueue.cpp">
      <Filter>源文件</Filter>
    </ClCompile>
    <ClCompile Include="src\api\Bancho.cpp">
      <Filter>源文件</Filter>
    </ClCompile>
    <ClCompile Include="src\osu\OsuConfigManager.cpp">
      <Filter>源文件</Filter>
    </ClCompile>
    <ClCompile Include="src\ui\BeatmapIdSearchUi.cpp">
      <Filter>源文件</Filter>
    </ClCompile>
  </ItemGroup>
  <ItemGroup>
    <Library Include="libraries\detours\detours-x64.lib" />
    <Library Include="libraries\detours\detours-x86.lib" />
    <Library Include="libraries\curl\libcurl-x64.lib" />
    <Library Include="libraries\curl\libcurl-x86.lib" />
  </ItemGroup>
  <ItemGroup>
    <ResourceCompile Include="Resource.rc">
      <Filter>资源文件</Filter>
    </ResourceCompile>
  </ItemGroup>
  <ItemGroup>
    <None Include="res\language\en_us.json" />
    <None Include="res\language\zh_cn.json" />
  </ItemGroup>
  <ItemGroup>
    <Font Include="res\MiSans-Normal.ttf" />
  </ItemGroup>
</Project>